
Microsoft Visual Studio Solution File, Format Version 12.00
# Visual Studio Version 17
VisualStudioVersion = 17.0.31912.275
MinimumVisualStudioVersion = 10.0.40219.1
Project("{8BC9CEB8-8B4A-11D0-8D11-00A0C91BC942}") = "ColliderSingleCore", "ColliderSingleCore\ColliderSingleCore.vcxproj", "{A1E54E96-5AE4-4F7F-AB08-9AA47A1863AF}"
EndProject
Project("{8BC9CEB8-8B4A-11D0-8D11-00A0C91BC942}") = "TestBench", "TestBench\TestBench.vcxproj", "{25FFD236-7D27-4BEA-B9B6-40DD4AAF3848}"
EndProject
Project("{2150E333-8FDC-42A3-9474-1A3956D46DE8}") = "Solution Items", "Solution Items", "{55500F48-2F31-4A19-A617-3AFED6A27100}"
	ProjectSection(SolutionItems) = preProject
		linalg.hpp = linalg.hpp
		Utils.hpp = Utils.hpp
	EndProjectSection
EndProject
Project("{8BC9CEB8-8B4A-11D0-8D11-00A0C91BC942}") = "TestColliderSingleCore", "TestColliderSingleCore\TestColliderSingleCore.vcxproj", "{5EB89134-3BE9-4E84-B36C-BBE711A6023F}"
EndProject
Global
	GlobalSection(SolutionConfigurationPlatforms) = preSolution
		Debug|Any CPU = Debug|Any CPU
		Debug|x64 = Debug|x64
		Debug|x86 = Debug|x86
		Release|Any CPU = Release|Any CPU
		Release|x64 = Release|x64
		Release|x86 = Release|x86
	EndGlobalSection
	GlobalSection(ProjectConfigurationPlatforms) = postSolution
		{A1E54E96-5AE4-4F7F-AB08-9AA47A1863AF}.Debug|Any CPU.ActiveCfg = Debug|Win32
		{A1E54E96-5AE4-4F7F-AB08-9AA47A1863AF}.Debug|x64.ActiveCfg = Debug|x64
		{A1E54E96-5AE4-4F7F-AB08-9AA47A1863AF}.Debug|x64.Build.0 = Debug|x64
		{A1E54E96-5AE4-4F7F-AB08-9AA47A1863AF}.Debug|x86.ActiveCfg = Debug|Win32
		{A1E54E96-5AE4-4F7F-AB08-9AA47A1863AF}.Debug|x86.Build.0 = Debug|Win32
		{A1E54E96-5AE4-4F7F-AB08-9AA47A1863AF}.Release|Any CPU.ActiveCfg = Release|Win32
		{A1E54E96-5AE4-4F7F-AB08-9AA47A1863AF}.Release|x64.ActiveCfg = Release|x64
		{A1E54E96-5AE4-4F7F-AB08-9AA47A1863AF}.Release|x64.Build.0 = Release|x64
		{A1E54E96-5AE4-4F7F-AB08-9AA47A1863AF}.Release|x86.ActiveCfg = Release|Win32
		{A1E54E96-5AE4-4F7F-AB08-9AA47A1863AF}.Release|x86.Build.0 = Release|Win32
		{25FFD236-7D27-4BEA-B9B6-40DD4AAF3848}.Debug|Any CPU.ActiveCfg = Debug|Win32
		{25FFD236-7D27-4BEA-B9B6-40DD4AAF3848}.Debug|x64.ActiveCfg = Debug|x64
		{25FFD236-7D27-4BEA-B9B6-40DD4AAF3848}.Debug|x64.Build.0 = Debug|x64
		{25FFD236-7D27-4BEA-B9B6-40DD4AAF3848}.Debug|x86.ActiveCfg = Debug|Win32
		{25FFD236-7D27-4BEA-B9B6-40DD4AAF3848}.Debug|x86.Build.0 = Debug|Win32
		{25FFD236-7D27-4BEA-B9B6-40DD4AAF3848}.Release|Any CPU.ActiveCfg = Release|Win32
		{25FFD236-7D27-4BEA-B9B6-40DD4AAF3848}.Release|x64.ActiveCfg = Release|x64
		{25FFD236-7D27-4BEA-B9B6-40DD4AAF3848}.Release|x64.Build.0 = Release|x64
		{25FFD236-7D27-4BEA-B9B6-40DD4AAF3848}.Release|x86.ActiveCfg = Release|Win32
		{25FFD236-7D27-4BEA-B9B6-40DD4AAF3848}.Release|x86.Build.0 = Release|Win32
		{5EB89134-3BE9-4E84-B36C-BBE711A6023F}.Debug|Any CPU.ActiveCfg = Debug|x64
		{5EB89134-3BE9-4E84-B36C-BBE711A6023F}.Debug|Any CPU.Build.0 = Debug|x64
		{5EB89134-3BE9-4E84-B36C-BBE711A6023F}.Debug|x64.ActiveCfg = Debug|x64
		{5EB89134-3BE9-4E84-B36C-BBE711A6023F}.Debug|x64.Build.0 = Debug|x64
		{5EB89134-3BE9-4E84-B36C-BBE711A6023F}.Debug|x86.ActiveCfg = Debug|Win32
		{5EB89134-3BE9-4E84-B36C-BBE711A6023F}.Debug|x86.Build.0 = Debug|Win32
		{5EB89134-3BE9-4E84-B36C-BBE711A6023F}.Release|Any CPU.ActiveCfg = Release|x64
		{5EB89134-3BE9-4E84-B36C-BBE711A6023F}.Release|Any CPU.Build.0 = Release|x64
		{5EB89134-3BE9-4E84-B36C-BBE711A6023F}.Release|x64.ActiveCfg = Release|x64
		{5EB89134-3BE9-4E84-B36C-BBE711A6023F}.Release|x64.Build.0 = Release|x64
		{5EB89134-3BE9-4E84-B36C-BBE711A6023F}.Release|x86.ActiveCfg = Release|Win32
		{5EB89134-3BE9-4E84-B36C-BBE711A6023F}.Release|x86.Build.0 = Release|Win32
	EndGlobalSection
	GlobalSection(SolutionProperties) = preSolution
		HideSolutionNode = FALSE
	EndGlobalSection
	GlobalSection(ExtensibilityGlobals) = postSolution
		SolutionGuid = {BA21B304-A8C5-4F34-9565-5E2535DB1844}
	EndGlobalSection
EndGlobal
