
Microsoft Visual Studio Solution File, Format Version 12.00
# Visual Studio Version 16
VisualStudioVersion = 16.0.30114.105
MinimumVisualStudioVersion = 10.0.40219.1
Project("{8BC9CEB8-8B4A-11D0-8D11-00A0C91BC942}") = "Collider", "Collider\Collider.vcxproj", "{BCB96F84-C90D-4FA9-B9DF-E3BA4D7947A0}"
EndProject
Project("{8BC9CEB8-8B4A-11D0-8D11-00A0C91BC942}") = "Generator", "Generator\Generator.vcxproj", "{4415E36A-0B6D-42E1-A4B2-6D4211D4ACC1}"
EndProject
Project("{8BC9CEB8-8B4A-11D0-8D11-00A0C91BC942}") = "ColliderCUDA", "ColliderCUDA\ColliderCUDA.vcxproj", "{5B527C31-AA89-4D30-B9C0-60201CAFC300}"
EndProject
Global
	GlobalSection(SolutionConfigurationPlatforms) = preSolution
		Debug|x64 = Debug|x64
		Debug|x86 = Debug|x86
		Release|x64 = Release|x64
		Release|x86 = Release|x86
	EndGlobalSection
	GlobalSection(ProjectConfigurationPlatforms) = postSolution
		{BCB96F84-C90D-4FA9-B9DF-E3BA4D7947A0}.Debug|x64.ActiveCfg = Debug|x64
		{BCB96F84-C90D-4FA9-B9DF-E3BA4D7947A0}.Debug|x64.Build.0 = Debug|x64
		{BCB96F84-C90D-4FA9-B9DF-E3BA4D7947A0}.Debug|x86.ActiveCfg = Debug|Win32
		{BCB96F84-C90D-4FA9-B9DF-E3BA4D7947A0}.Debug|x86.Build.0 = Debug|Win32
		{BCB96F84-C90D-4FA9-B9DF-E3BA4D7947A0}.Release|x64.ActiveCfg = Release|x64
		{BCB96F84-C90D-4FA9-B9DF-E3BA4D7947A0}.Release|x64.Build.0 = Release|x64
		{BCB96F84-C90D-4FA9-B9DF-E3BA4D7947A0}.Release|x86.ActiveCfg = Release|Win32
		{BCB96F84-C90D-4FA9-B9DF-E3BA4D7947A0}.Release|x86.Build.0 = Release|Win32
		{4415E36A-0B6D-42E1-A4B2-6D4211D4ACC1}.Debug|x64.ActiveCfg = Debug|x64
		{4415E36A-0B6D-42E1-A4B2-6D4211D4ACC1}.Debug|x64.Build.0 = Debug|x64
		{4415E36A-0B6D-42E1-A4B2-6D4211D4ACC1}.Debug|x86.ActiveCfg = Debug|Win32
		{4415E36A-0B6D-42E1-A4B2-6D4211D4ACC1}.Debug|x86.Build.0 = Debug|Win32
		{4415E36A-0B6D-42E1-A4B2-6D4211D4ACC1}.Release|x64.ActiveCfg = Release|x64
		{4415E36A-0B6D-42E1-A4B2-6D4211D4ACC1}.Release|x64.Build.0 = Release|x64
		{4415E36A-0B6D-42E1-A4B2-6D4211D4ACC1}.Release|x86.ActiveCfg = Release|Win32
		{4415E36A-0B6D-42E1-A4B2-6D4211D4ACC1}.Release|x86.Build.0 = Release|Win32
		{5B527C31-AA89-4D30-B9C0-60201CAFC300}.Debug|x64.ActiveCfg = Debug|x64
		{5B527C31-AA89-4D30-B9C0-60201CAFC300}.Debug|x64.Build.0 = Debug|x64
		{5B527C31-AA89-4D30-B9C0-60201CAFC300}.Debug|x86.ActiveCfg = Debug|x64
		{5B527C31-AA89-4D30-B9C0-60201CAFC300}.Release|x64.ActiveCfg = Release|x64
		{5B527C31-AA89-4D30-B9C0-60201CAFC300}.Release|x64.Build.0 = Release|x64
		{5B527C31-AA89-4D30-B9C0-60201CAFC300}.Release|x86.ActiveCfg = Release|x64
	EndGlobalSection
	GlobalSection(SolutionProperties) = preSolution
		HideSolutionNode = FALSE
	EndGlobalSection
	GlobalSection(ExtensibilityGlobals) = postSolution
		SolutionGuid = {BA21B304-A8C5-4F34-9565-5E2535DB1844}
	EndGlobalSection
EndGlobal
